
Microsoft Visual Studio Solution File, Format Version 12.00
# Visual Studio Version 17
VisualStudioVersion = 17.8.34316.72
MinimumVisualStudioVersion = 10.0.40219.1
Project("{FAE04EC0-301F-11D3-BF4B-00C04F79EFBC}") = "API-CadastroSimples", "API-CadastroSimples\API-CadastroSimples.csproj", "{1F246870-48E5-44F8-80ED-F69FB7A636DD}"
EndProject
Global
	GlobalSection(SolutionConfigurationPlatforms) = preSolution
		Debug|Any CPU = Debug|Any CPU
		Release|Any CPU = Release|Any CPU
	EndGlobalSection
	GlobalSection(ProjectConfigurationPlatforms) = postSolution
		{1F246870-48E5-44F8-80ED-F69FB7A636DD}.Debug|Any CPU.ActiveCfg = Debug|Any CPU
		{1F246870-48E5-44F8-80ED-F69FB7A636DD}.Debug|Any CPU.Build.0 = Debug|Any CPU
		{1F246870-48E5-44F8-80ED-F69FB7A636DD}.Release|Any CPU.ActiveCfg = Release|Any CPU
		{1F246870-48E5-44F8-80ED-F69FB7A636DD}.Release|Any CPU.Build.0 = Release|Any CPU
	EndGlobalSection
	GlobalSection(SolutionProperties) = preSolution
		HideSolutionNode = FALSE
	EndGlobalSection
	GlobalSection(ExtensibilityGlobals) = postSolution
		SolutionGuid = {6E10CA6D-DC64-4AE6-9703-77FB9A1E5BCE}
	EndGlobalSection
EndGlobal
